{
  "originHash" : "6100f9378cd16d3aed5396ee901c77acbc1955faf786e7f1abaafec7b60e49b1",
  "pins" : [
    {
      "identity" : "ios-places-sdk",
      "kind" : "remoteSourceControl",
      "location" : "https://github.com/googlemaps/ios-places-sdk",
      "state" : {
        "revision" : "2960dc2278a84e1daf1f16b417c978a96920ecdd",
        "version" : "10.10.0"
      }
    },
    {
      "identity" : "llm.swift",
      "kind" : "remoteSourceControl",
      "location" : "https://github.com/eastriverlee/LLM.swift",
      "state" : {
        "revision" : "4b2517839f24498bea0695bae8967b359b9a35c4",
        "version" : "1.8.0"
      }
    }
  ],
  "version" : 3
}
